
Microsoft Visual Studio Solution File, Format Version 12.00
# Visual Studio 14
VisualStudioVersion = 14.0.24720.0
MinimumVisualStudioVersion = 10.0.40219.1
Project("{8BC9CEB8-8B4A-11D0-8D11-00A0C91BC942}") = "Tree", "Tree\Tree.vcxproj", "{A8134FF0-2F23-415F-9F87-DA79F8CB16EC}"
EndProject
Project("{8BC9CEB8-8B4A-11D0-8D11-00A0C91BC942}") = "UnitTests", "UnitTests\UnitTests.vcxproj", "{0C4E269F-18AA-440E-B20B-7E40DF84717C}"
EndProject
Project("{8BC9CEB8-8B4A-11D0-8D11-00A0C91BC942}") = "Benchmarks", "Benchmarks\Benchmarks.vcxproj", "{1E530876-F817-4050-8030-9AD337A54375}"
EndProject
Global
	GlobalSection(SolutionConfigurationPlatforms) = preSolution
		Debug|x64 = Debug|x64
		Debug|x86 = Debug|x86
		Release|x64 = Release|x64
		Release|x86 = Release|x86
	EndGlobalSection
	GlobalSection(ProjectConfigurationPlatforms) = postSolution
		{A8134FF0-2F23-415F-9F87-DA79F8CB16EC}.Debug|x64.ActiveCfg = Debug|x64
		{A8134FF0-2F23-415F-9F87-DA79F8CB16EC}.Debug|x64.Build.0 = Debug|x64
		{A8134FF0-2F23-415F-9F87-DA79F8CB16EC}.Debug|x86.ActiveCfg = Debug|Win32
		{A8134FF0-2F23-415F-9F87-DA79F8CB16EC}.Debug|x86.Build.0 = Debug|Win32
		{A8134FF0-2F23-415F-9F87-DA79F8CB16EC}.Release|x64.ActiveCfg = Release|x64
		{A8134FF0-2F23-415F-9F87-DA79F8CB16EC}.Release|x64.Build.0 = Release|x64
		{A8134FF0-2F23-415F-9F87-DA79F8CB16EC}.Release|x86.ActiveCfg = Release|Win32
		{A8134FF0-2F23-415F-9F87-DA79F8CB16EC}.Release|x86.Build.0 = Release|Win32
		{0C4E269F-18AA-440E-B20B-7E40DF84717C}.Debug|x64.ActiveCfg = Debug|x64
		{0C4E269F-18AA-440E-B20B-7E40DF84717C}.Debug|x64.Build.0 = Debug|x64
		{0C4E269F-18AA-440E-B20B-7E40DF84717C}.Debug|x86.ActiveCfg = Debug|Win32
		{0C4E269F-18AA-440E-B20B-7E40DF84717C}.Debug|x86.Build.0 = Debug|Win32
		{0C4E269F-18AA-440E-B20B-7E40DF84717C}.Release|x64.ActiveCfg = Release|x64
		{0C4E269F-18AA-440E-B20B-7E40DF84717C}.Release|x64.Build.0 = Release|x64
		{0C4E269F-18AA-440E-B20B-7E40DF84717C}.Release|x86.ActiveCfg = Release|Win32
		{0C4E269F-18AA-440E-B20B-7E40DF84717C}.Release|x86.Build.0 = Release|Win32
		{1E530876-F817-4050-8030-9AD337A54375}.Debug|x64.ActiveCfg = Debug|x64
		{1E530876-F817-4050-8030-9AD337A54375}.Debug|x64.Build.0 = Debug|x64
		{1E530876-F817-4050-8030-9AD337A54375}.Debug|x86.ActiveCfg = Debug|Win32
		{1E530876-F817-4050-8030-9AD337A54375}.Debug|x86.Build.0 = Debug|Win32
		{1E530876-F817-4050-8030-9AD337A54375}.Release|x64.ActiveCfg = Release|x64
		{1E530876-F817-4050-8030-9AD337A54375}.Release|x64.Build.0 = Release|x64
		{1E530876-F817-4050-8030-9AD337A54375}.Release|x86.ActiveCfg = Release|Win32
		{1E530876-F817-4050-8030-9AD337A54375}.Release|x86.Build.0 = Release|Win32
	EndGlobalSection
	GlobalSection(SolutionProperties) = preSolution
		HideSolutionNode = FALSE
	EndGlobalSection
EndGlobal
